
Microsoft Visual Studio Solution File, Format Version 12.00
# Visual Studio Version 17
VisualStudioVersion = 17.4.33213.308
MinimumVisualStudioVersion = 10.0.40219.1
Project("{FAE04EC0-301F-11D3-BF4B-00C04F79EFBC}") = "TH_2080600752_NguyenNguyenTrung", "TH_2080600752_NguyenNguyenTrung\TH_2080600752_NguyenNguyenTrung.csproj", "{C9946EA7-3801-4BEF-8562-6F22BE1661FD}"
EndProject
Global
	GlobalSection(SolutionConfigurationPlatforms) = preSolution
		Debug|Any CPU = Debug|Any CPU
		Release|Any CPU = Release|Any CPU
	EndGlobalSection
	GlobalSection(ProjectConfigurationPlatforms) = postSolution
		{C9946EA7-3801-4BEF-8562-6F22BE1661FD}.Debug|Any CPU.ActiveCfg = Debug|Any CPU
		{C9946EA7-3801-4BEF-8562-6F22BE1661FD}.Debug|Any CPU.Build.0 = Debug|Any CPU
		{C9946EA7-3801-4BEF-8562-6F22BE1661FD}.Release|Any CPU.ActiveCfg = Release|Any CPU
		{C9946EA7-3801-4BEF-8562-6F22BE1661FD}.Release|Any CPU.Build.0 = Release|Any CPU
	EndGlobalSection
	GlobalSection(SolutionProperties) = preSolution
		HideSolutionNode = FALSE
	EndGlobalSection
	GlobalSection(ExtensibilityGlobals) = postSolution
		SolutionGuid = {AFE84A33-5341-4B9D-B36B-C6F97F44FB3E}
	EndGlobalSection
EndGlobal
